
Microsoft Visual Studio Solution File, Format Version 12.00
# Visual Studio Version 16
VisualStudioVersion = 16.0.30114.105
MinimumVisualStudioVersion = 10.0.40219.1
Project("{9A19103F-16F7-4668-BE54-9A1E7A4F7556}") = "ScsOnlineShop.Api", "ScsOnlineShop.Api\ScsOnlineShop.Api.csproj", "{F7334D71-AC1B-4E94-982B-62A09334CA1C}"
EndProject
Project("{9A19103F-16F7-4668-BE54-9A1E7A4F7556}") = "ScsOnlineShop.Application", "ScsOnlineShop.Application\ScsOnlineShop.Application.csproj", "{B16F7D35-24B7-4F78-908A-B95A9D362E9F}"
EndProject
Project("{9A19103F-16F7-4668-BE54-9A1E7A4F7556}") = "ScsOnlineShop.Test", "ScsOnlineShop.Test\ScsOnlineShop.Test.csproj", "{A97207A5-38FA-4B68-AC75-3B456AC1B44E}"
EndProject
Project("{9A19103F-16F7-4668-BE54-9A1E7A4F7556}") = "ScsOnlineShop.Wasm", "ScsOnlineShop.Wasm\ScsOnlineShop.Wasm.csproj", "{EE2496AE-7613-4F93-A3B7-6E463355B5A2}"
EndProject
Project("{9A19103F-16F7-4668-BE54-9A1E7A4F7556}") = "ScsOnlineShop.Dto", "ScsOnlineShop.Dto\ScsOnlineShop.Dto.csproj", "{42654DBF-77D5-459A-B684-2239914A0B1E}"
EndProject
Global
	GlobalSection(SolutionConfigurationPlatforms) = preSolution
		Debug|Any CPU = Debug|Any CPU
		Debug|x64 = Debug|x64
		Debug|x86 = Debug|x86
		Release|Any CPU = Release|Any CPU
		Release|x64 = Release|x64
		Release|x86 = Release|x86
	EndGlobalSection
	GlobalSection(ProjectConfigurationPlatforms) = postSolution
		{B16F7D35-24B7-4F78-908A-B95A9D362E9F}.Debug|Any CPU.ActiveCfg = Debug|Any CPU
		{B16F7D35-24B7-4F78-908A-B95A9D362E9F}.Debug|Any CPU.Build.0 = Debug|Any CPU
		{B16F7D35-24B7-4F78-908A-B95A9D362E9F}.Debug|x64.ActiveCfg = Debug|Any CPU
		{B16F7D35-24B7-4F78-908A-B95A9D362E9F}.Debug|x64.Build.0 = Debug|Any CPU
		{B16F7D35-24B7-4F78-908A-B95A9D362E9F}.Debug|x86.ActiveCfg = Debug|Any CPU
		{B16F7D35-24B7-4F78-908A-B95A9D362E9F}.Debug|x86.Build.0 = Debug|Any CPU
		{B16F7D35-24B7-4F78-908A-B95A9D362E9F}.Release|Any CPU.ActiveCfg = Release|Any CPU
		{B16F7D35-24B7-4F78-908A-B95A9D362E9F}.Release|Any CPU.Build.0 = Release|Any CPU
		{B16F7D35-24B7-4F78-908A-B95A9D362E9F}.Release|x64.ActiveCfg = Release|Any CPU
		{B16F7D35-24B7-4F78-908A-B95A9D362E9F}.Release|x64.Build.0 = Release|Any CPU
		{B16F7D35-24B7-4F78-908A-B95A9D362E9F}.Release|x86.ActiveCfg = Release|Any CPU
		{B16F7D35-24B7-4F78-908A-B95A9D362E9F}.Release|x86.Build.0 = Release|Any CPU
		{A97207A5-38FA-4B68-AC75-3B456AC1B44E}.Debug|Any CPU.ActiveCfg = Debug|Any CPU
		{A97207A5-38FA-4B68-AC75-3B456AC1B44E}.Debug|Any CPU.Build.0 = Debug|Any CPU
		{A97207A5-38FA-4B68-AC75-3B456AC1B44E}.Debug|x64.ActiveCfg = Debug|Any CPU
		{A97207A5-38FA-4B68-AC75-3B456AC1B44E}.Debug|x64.Build.0 = Debug|Any CPU
		{A97207A5-38FA-4B68-AC75-3B456AC1B44E}.Debug|x86.ActiveCfg = Debug|Any CPU
		{A97207A5-38FA-4B68-AC75-3B456AC1B44E}.Debug|x86.Build.0 = Debug|Any CPU
		{A97207A5-38FA-4B68-AC75-3B456AC1B44E}.Release|Any CPU.ActiveCfg = Release|Any CPU
		{A97207A5-38FA-4B68-AC75-3B456AC1B44E}.Release|Any CPU.Build.0 = Release|Any CPU
		{A97207A5-38FA-4B68-AC75-3B456AC1B44E}.Release|x64.ActiveCfg = Release|Any CPU
		{A97207A5-38FA-4B68-AC75-3B456AC1B44E}.Release|x64.Build.0 = Release|Any CPU
		{A97207A5-38FA-4B68-AC75-3B456AC1B44E}.Release|x86.ActiveCfg = Release|Any CPU
		{A97207A5-38FA-4B68-AC75-3B456AC1B44E}.Release|x86.Build.0 = Release|Any CPU
		{F7334D71-AC1B-4E94-982B-62A09334CA1C}.Debug|Any CPU.ActiveCfg = Debug|Any CPU
		{F7334D71-AC1B-4E94-982B-62A09334CA1C}.Debug|Any CPU.Build.0 = Debug|Any CPU
		{F7334D71-AC1B-4E94-982B-62A09334CA1C}.Debug|x64.ActiveCfg = Debug|Any CPU
		{F7334D71-AC1B-4E94-982B-62A09334CA1C}.Debug|x64.Build.0 = Debug|Any CPU
		{F7334D71-AC1B-4E94-982B-62A09334CA1C}.Debug|x86.ActiveCfg = Debug|Any CPU
		{F7334D71-AC1B-4E94-982B-62A09334CA1C}.Debug|x86.Build.0 = Debug|Any CPU
		{F7334D71-AC1B-4E94-982B-62A09334CA1C}.Release|Any CPU.ActiveCfg = Release|Any CPU
		{F7334D71-AC1B-4E94-982B-62A09334CA1C}.Release|Any CPU.Build.0 = Release|Any CPU
		{F7334D71-AC1B-4E94-982B-62A09334CA1C}.Release|x64.ActiveCfg = Release|Any CPU
		{F7334D71-AC1B-4E94-982B-62A09334CA1C}.Release|x64.Build.0 = Release|Any CPU
		{F7334D71-AC1B-4E94-982B-62A09334CA1C}.Release|x86.ActiveCfg = Release|Any CPU
		{F7334D71-AC1B-4E94-982B-62A09334CA1C}.Release|x86.Build.0 = Release|Any CPU
		{EE2496AE-7613-4F93-A3B7-6E463355B5A2}.Debug|Any CPU.ActiveCfg = Debug|Any CPU
		{EE2496AE-7613-4F93-A3B7-6E463355B5A2}.Debug|Any CPU.Build.0 = Debug|Any CPU
		{EE2496AE-7613-4F93-A3B7-6E463355B5A2}.Debug|x64.ActiveCfg = Debug|Any CPU
		{EE2496AE-7613-4F93-A3B7-6E463355B5A2}.Debug|x64.Build.0 = Debug|Any CPU
		{EE2496AE-7613-4F93-A3B7-6E463355B5A2}.Debug|x86.ActiveCfg = Debug|Any CPU
		{EE2496AE-7613-4F93-A3B7-6E463355B5A2}.Debug|x86.Build.0 = Debug|Any CPU
		{EE2496AE-7613-4F93-A3B7-6E463355B5A2}.Release|Any CPU.ActiveCfg = Release|Any CPU
		{EE2496AE-7613-4F93-A3B7-6E463355B5A2}.Release|Any CPU.Build.0 = Release|Any CPU
		{EE2496AE-7613-4F93-A3B7-6E463355B5A2}.Release|x64.ActiveCfg = Release|Any CPU
		{EE2496AE-7613-4F93-A3B7-6E463355B5A2}.Release|x64.Build.0 = Release|Any CPU
		{EE2496AE-7613-4F93-A3B7-6E463355B5A2}.Release|x86.ActiveCfg = Release|Any CPU
		{EE2496AE-7613-4F93-A3B7-6E463355B5A2}.Release|x86.Build.0 = Release|Any CPU
		{42654DBF-77D5-459A-B684-2239914A0B1E}.Debug|Any CPU.ActiveCfg = Debug|Any CPU
		{42654DBF-77D5-459A-B684-2239914A0B1E}.Debug|Any CPU.Build.0 = Debug|Any CPU
		{42654DBF-77D5-459A-B684-2239914A0B1E}.Debug|x64.ActiveCfg = Debug|Any CPU
		{42654DBF-77D5-459A-B684-2239914A0B1E}.Debug|x64.Build.0 = Debug|Any CPU
		{42654DBF-77D5-459A-B684-2239914A0B1E}.Debug|x86.ActiveCfg = Debug|Any CPU
		{42654DBF-77D5-459A-B684-2239914A0B1E}.Debug|x86.Build.0 = Debug|Any CPU
		{42654DBF-77D5-459A-B684-2239914A0B1E}.Release|Any CPU.ActiveCfg = Release|Any CPU
		{42654DBF-77D5-459A-B684-2239914A0B1E}.Release|Any CPU.Build.0 = Release|Any CPU
		{42654DBF-77D5-459A-B684-2239914A0B1E}.Release|x64.ActiveCfg = Release|Any CPU
		{42654DBF-77D5-459A-B684-2239914A0B1E}.Release|x64.Build.0 = Release|Any CPU
		{42654DBF-77D5-459A-B684-2239914A0B1E}.Release|x86.ActiveCfg = Release|Any CPU
		{42654DBF-77D5-459A-B684-2239914A0B1E}.Release|x86.Build.0 = Release|Any CPU
	EndGlobalSection
	GlobalSection(SolutionProperties) = preSolution
		HideSolutionNode = FALSE
	EndGlobalSection
	GlobalSection(ExtensibilityGlobals) = postSolution
		SolutionGuid = {DD0600DD-0F20-48E6-881A-D0E49E21D056}
	EndGlobalSection
EndGlobal
