
Microsoft Visual Studio Solution File, Format Version 12.00
# Visual Studio Version 16
VisualStudioVersion = 16.0.29424.173
MinimumVisualStudioVersion = 10.0.40219.1
Project("{9A19103F-16F7-4668-BE54-9A1E7A4F7556}") = "Weatherservice", "Weatherservice\Weatherservice.csproj", "{7A140312-7C01-405D-99E3-72710F3EFA5F}"
EndProject
Project("{9A19103F-16F7-4668-BE54-9A1E7A4F7556}") = "Webserver", "Webserver\Webserver.csproj", "{8B826554-61E5-465A-9B7C-CEE882A68305}"
EndProject
Global
	GlobalSection(SolutionConfigurationPlatforms) = preSolution
		Debug|Any CPU = Debug|Any CPU
		Release|Any CPU = Release|Any CPU
	EndGlobalSection
	GlobalSection(ProjectConfigurationPlatforms) = postSolution
		{7A140312-7C01-405D-99E3-72710F3EFA5F}.Debug|Any CPU.ActiveCfg = Debug|Any CPU
		{7A140312-7C01-405D-99E3-72710F3EFA5F}.Debug|Any CPU.Build.0 = Debug|Any CPU
		{7A140312-7C01-405D-99E3-72710F3EFA5F}.Release|Any CPU.ActiveCfg = Release|Any CPU
		{7A140312-7C01-405D-99E3-72710F3EFA5F}.Release|Any CPU.Build.0 = Release|Any CPU
		{8B826554-61E5-465A-9B7C-CEE882A68305}.Debug|Any CPU.ActiveCfg = Debug|Any CPU
		{8B826554-61E5-465A-9B7C-CEE882A68305}.Debug|Any CPU.Build.0 = Debug|Any CPU
		{8B826554-61E5-465A-9B7C-CEE882A68305}.Release|Any CPU.ActiveCfg = Release|Any CPU
		{8B826554-61E5-465A-9B7C-CEE882A68305}.Release|Any CPU.Build.0 = Release|Any CPU
	EndGlobalSection
	GlobalSection(SolutionProperties) = preSolution
		HideSolutionNode = FALSE
	EndGlobalSection
	GlobalSection(ExtensibilityGlobals) = postSolution
		SolutionGuid = {7C83B5E1-EE41-4CC2-B252-DC3F9A281A64}
	EndGlobalSection
EndGlobal
