
Microsoft Visual Studio Solution File, Format Version 12.00
# Visual Studio Version 17
VisualStudioVersion = 17.0.31903.59
MinimumVisualStudioVersion = 10.0.40219.1
Project("{9A19103F-16F7-4668-BE54-9A1E7A4F7556}") = "SPG_Fachtheorie.Aufgabe3RazorPages", "SPG_Fachtheorie.Aufgabe3RazorPages\SPG_Fachtheorie.Aufgabe3RazorPages.csproj", "{C6C266D0-6F1C-49F7-8C31-5F87D32477B2}"
EndProject
Project("{9A19103F-16F7-4668-BE54-9A1E7A4F7556}") = "SPG_Fachtheorie.Aufgabe2", "SPG_Fachtheorie.Aufgabe2\SPG_Fachtheorie.Aufgabe2.csproj", "{0A6C890B-B5E5-49F9-9E23-307EF4958A84}"
EndProject
Project("{2150E333-8FDC-42A3-9474-1A3956D46DE8}") = "Solution Items", "Solution Items", "{6D9AF0BF-87AC-4605-B864-1DDDBFE8173B}"
	ProjectSection(SolutionItems) = preProject
		.editorconfig = .editorconfig
	EndProjectSection
EndProject
Global
	GlobalSection(SolutionConfigurationPlatforms) = preSolution
		Debug|Any CPU = Debug|Any CPU
		Debug|x64 = Debug|x64
		Debug|x86 = Debug|x86
		Release|Any CPU = Release|Any CPU
		Release|x64 = Release|x64
		Release|x86 = Release|x86
	EndGlobalSection
	GlobalSection(ProjectConfigurationPlatforms) = postSolution
		{C6C266D0-6F1C-49F7-8C31-5F87D32477B2}.Debug|Any CPU.ActiveCfg = Debug|Any CPU
		{C6C266D0-6F1C-49F7-8C31-5F87D32477B2}.Debug|Any CPU.Build.0 = Debug|Any CPU
		{C6C266D0-6F1C-49F7-8C31-5F87D32477B2}.Debug|x64.ActiveCfg = Debug|Any CPU
		{C6C266D0-6F1C-49F7-8C31-5F87D32477B2}.Debug|x64.Build.0 = Debug|Any CPU
		{C6C266D0-6F1C-49F7-8C31-5F87D32477B2}.Debug|x86.ActiveCfg = Debug|Any CPU
		{C6C266D0-6F1C-49F7-8C31-5F87D32477B2}.Debug|x86.Build.0 = Debug|Any CPU
		{C6C266D0-6F1C-49F7-8C31-5F87D32477B2}.Release|Any CPU.ActiveCfg = Release|Any CPU
		{C6C266D0-6F1C-49F7-8C31-5F87D32477B2}.Release|Any CPU.Build.0 = Release|Any CPU
		{C6C266D0-6F1C-49F7-8C31-5F87D32477B2}.Release|x64.ActiveCfg = Release|Any CPU
		{C6C266D0-6F1C-49F7-8C31-5F87D32477B2}.Release|x64.Build.0 = Release|Any CPU
		{C6C266D0-6F1C-49F7-8C31-5F87D32477B2}.Release|x86.ActiveCfg = Release|Any CPU
		{C6C266D0-6F1C-49F7-8C31-5F87D32477B2}.Release|x86.Build.0 = Release|Any CPU
		{0A6C890B-B5E5-49F9-9E23-307EF4958A84}.Debug|Any CPU.ActiveCfg = Debug|Any CPU
		{0A6C890B-B5E5-49F9-9E23-307EF4958A84}.Debug|Any CPU.Build.0 = Debug|Any CPU
		{0A6C890B-B5E5-49F9-9E23-307EF4958A84}.Debug|x64.ActiveCfg = Debug|Any CPU
		{0A6C890B-B5E5-49F9-9E23-307EF4958A84}.Debug|x64.Build.0 = Debug|Any CPU
		{0A6C890B-B5E5-49F9-9E23-307EF4958A84}.Debug|x86.ActiveCfg = Debug|Any CPU
		{0A6C890B-B5E5-49F9-9E23-307EF4958A84}.Debug|x86.Build.0 = Debug|Any CPU
		{0A6C890B-B5E5-49F9-9E23-307EF4958A84}.Release|Any CPU.ActiveCfg = Release|Any CPU
		{0A6C890B-B5E5-49F9-9E23-307EF4958A84}.Release|Any CPU.Build.0 = Release|Any CPU
		{0A6C890B-B5E5-49F9-9E23-307EF4958A84}.Release|x64.ActiveCfg = Release|Any CPU
		{0A6C890B-B5E5-49F9-9E23-307EF4958A84}.Release|x64.Build.0 = Release|Any CPU
		{0A6C890B-B5E5-49F9-9E23-307EF4958A84}.Release|x86.ActiveCfg = Release|Any CPU
		{0A6C890B-B5E5-49F9-9E23-307EF4958A84}.Release|x86.Build.0 = Release|Any CPU
	EndGlobalSection
	GlobalSection(SolutionProperties) = preSolution
		HideSolutionNode = FALSE
	EndGlobalSection
	GlobalSection(ExtensibilityGlobals) = postSolution
		SolutionGuid = {2A8C5C8F-CB9B-4964-8690-310BECCB9AAD}
	EndGlobalSection
EndGlobal
