
Microsoft Visual Studio Solution File, Format Version 12.00
# Visual Studio Version 16
VisualStudioVersion = 16.0.29911.84
MinimumVisualStudioVersion = 10.0.40219.1
Project("{9A19103F-16F7-4668-BE54-9A1E7A4F7556}") = "SoapServer", "SoapServer\SoapServer.csproj", "{542DD6D1-1051-42EE-B92E-AA5338924CA2}"
EndProject
Project("{FAE04EC0-301F-11D3-BF4B-00C04F79EFBC}") = "SoapClient", "SoapClient\SoapClient.csproj", "{D6EF54FF-F686-482D-88A3-76E6012CF2EB}"
EndProject
Project("{FAE04EC0-301F-11D3-BF4B-00C04F79EFBC}") = "ContractLibrary", "ContractLibrary\ContractLibrary.csproj", "{9EF789BA-1BF4-4B37-B170-EE58FC0465CC}"
EndProject
Global
	GlobalSection(SolutionConfigurationPlatforms) = preSolution
		Debug|Any CPU = Debug|Any CPU
		Release|Any CPU = Release|Any CPU
	EndGlobalSection
	GlobalSection(ProjectConfigurationPlatforms) = postSolution
		{542DD6D1-1051-42EE-B92E-AA5338924CA2}.Debug|Any CPU.ActiveCfg = Debug|Any CPU
		{542DD6D1-1051-42EE-B92E-AA5338924CA2}.Debug|Any CPU.Build.0 = Debug|Any CPU
		{542DD6D1-1051-42EE-B92E-AA5338924CA2}.Release|Any CPU.ActiveCfg = Release|Any CPU
		{542DD6D1-1051-42EE-B92E-AA5338924CA2}.Release|Any CPU.Build.0 = Release|Any CPU
		{D6EF54FF-F686-482D-88A3-76E6012CF2EB}.Debug|Any CPU.ActiveCfg = Debug|Any CPU
		{D6EF54FF-F686-482D-88A3-76E6012CF2EB}.Debug|Any CPU.Build.0 = Debug|Any CPU
		{D6EF54FF-F686-482D-88A3-76E6012CF2EB}.Release|Any CPU.ActiveCfg = Release|Any CPU
		{D6EF54FF-F686-482D-88A3-76E6012CF2EB}.Release|Any CPU.Build.0 = Release|Any CPU
		{9EF789BA-1BF4-4B37-B170-EE58FC0465CC}.Debug|Any CPU.ActiveCfg = Debug|Any CPU
		{9EF789BA-1BF4-4B37-B170-EE58FC0465CC}.Debug|Any CPU.Build.0 = Debug|Any CPU
		{9EF789BA-1BF4-4B37-B170-EE58FC0465CC}.Release|Any CPU.ActiveCfg = Release|Any CPU
		{9EF789BA-1BF4-4B37-B170-EE58FC0465CC}.Release|Any CPU.Build.0 = Release|Any CPU
	EndGlobalSection
	GlobalSection(SolutionProperties) = preSolution
		HideSolutionNode = FALSE
	EndGlobalSection
	GlobalSection(ExtensibilityGlobals) = postSolution
		SolutionGuid = {F74AAB75-EC5E-46A1-9E84-22C09EEE91F7}
	EndGlobalSection
EndGlobal
