
Microsoft Visual Studio Solution File, Format Version 12.00
# Visual Studio Version 16
VisualStudioVersion = 16.0.30804.86
MinimumVisualStudioVersion = 10.0.40219.1
Project("{9A19103F-16F7-4668-BE54-9A1E7A4F7556}") = "Spg.ProbeFachtheorie.Aufgabe1", "src\Spg.ProbeFachtheorie.Aufgabe1\Spg.ProbeFachtheorie.Aufgabe1.csproj", "{3D0AB983-C11D-4E7E-908D-176202FF3B14}"
EndProject
Project("{9A19103F-16F7-4668-BE54-9A1E7A4F7556}") = "Spg.ProbeFachtheorie.Aufgabe2", "src\Spg.ProbeFachtheorie.Aufgabe2\Spg.ProbeFachtheorie.Aufgabe2.csproj", "{81EE5854-7030-4005-9A24-27433805C636}"
EndProject
Project("{9A19103F-16F7-4668-BE54-9A1E7A4F7556}") = "Spg.ProbeFachtheorie.Aufgabe3", "src\Spg.ProbeFachtheorie.Aufgabe3\Spg.ProbeFachtheorie.Aufgabe3.csproj", "{A37674A1-BC33-472D-833F-7398375AA0CA}"
EndProject
Project("{9A19103F-16F7-4668-BE54-9A1E7A4F7556}") = "Spg.ProbeFachtheorie.Aufgabe1.Test", "test\Spg.ProbeFachtheorie.Aufgabe1.Test\Spg.ProbeFachtheorie.Aufgabe1.Test.csproj", "{46A3FD77-8335-481B-A6CF-7D5F02560B1F}"
EndProject
Project("{9A19103F-16F7-4668-BE54-9A1E7A4F7556}") = "Spg.ProbeFachtheorie.Aufgabe2.Test", "test\Spg.ProbeFachtheorie.Aufgabe2.Test\Spg.ProbeFachtheorie.Aufgabe2.Test.csproj", "{28802874-D4AE-4F44-A545-BAC66586859E}"
EndProject
Global
	GlobalSection(SolutionConfigurationPlatforms) = preSolution
		Debug|Any CPU = Debug|Any CPU
		Release|Any CPU = Release|Any CPU
	EndGlobalSection
	GlobalSection(ProjectConfigurationPlatforms) = postSolution
		{3D0AB983-C11D-4E7E-908D-176202FF3B14}.Debug|Any CPU.ActiveCfg = Debug|Any CPU
		{3D0AB983-C11D-4E7E-908D-176202FF3B14}.Debug|Any CPU.Build.0 = Debug|Any CPU
		{3D0AB983-C11D-4E7E-908D-176202FF3B14}.Release|Any CPU.ActiveCfg = Release|Any CPU
		{3D0AB983-C11D-4E7E-908D-176202FF3B14}.Release|Any CPU.Build.0 = Release|Any CPU
		{81EE5854-7030-4005-9A24-27433805C636}.Debug|Any CPU.ActiveCfg = Debug|Any CPU
		{81EE5854-7030-4005-9A24-27433805C636}.Debug|Any CPU.Build.0 = Debug|Any CPU
		{81EE5854-7030-4005-9A24-27433805C636}.Release|Any CPU.ActiveCfg = Release|Any CPU
		{81EE5854-7030-4005-9A24-27433805C636}.Release|Any CPU.Build.0 = Release|Any CPU
		{A37674A1-BC33-472D-833F-7398375AA0CA}.Debug|Any CPU.ActiveCfg = Debug|Any CPU
		{A37674A1-BC33-472D-833F-7398375AA0CA}.Debug|Any CPU.Build.0 = Debug|Any CPU
		{A37674A1-BC33-472D-833F-7398375AA0CA}.Release|Any CPU.ActiveCfg = Release|Any CPU
		{A37674A1-BC33-472D-833F-7398375AA0CA}.Release|Any CPU.Build.0 = Release|Any CPU
		{46A3FD77-8335-481B-A6CF-7D5F02560B1F}.Debug|Any CPU.ActiveCfg = Debug|Any CPU
		{46A3FD77-8335-481B-A6CF-7D5F02560B1F}.Debug|Any CPU.Build.0 = Debug|Any CPU
		{46A3FD77-8335-481B-A6CF-7D5F02560B1F}.Release|Any CPU.ActiveCfg = Release|Any CPU
		{46A3FD77-8335-481B-A6CF-7D5F02560B1F}.Release|Any CPU.Build.0 = Release|Any CPU
		{28802874-D4AE-4F44-A545-BAC66586859E}.Debug|Any CPU.ActiveCfg = Debug|Any CPU
		{28802874-D4AE-4F44-A545-BAC66586859E}.Debug|Any CPU.Build.0 = Debug|Any CPU
		{28802874-D4AE-4F44-A545-BAC66586859E}.Release|Any CPU.ActiveCfg = Release|Any CPU
		{28802874-D4AE-4F44-A545-BAC66586859E}.Release|Any CPU.Build.0 = Release|Any CPU
	EndGlobalSection
	GlobalSection(SolutionProperties) = preSolution
		HideSolutionNode = FALSE
	EndGlobalSection
	GlobalSection(ExtensibilityGlobals) = postSolution
		SolutionGuid = {93B10202-938D-4B3E-BDF8-AC8BBE6BB8C7}
	EndGlobalSection
EndGlobal
